
Microsoft Visual Studio Solution File, Format Version 12.00
# Visual Studio Version 16
VisualStudioVersion = 16.0.31410.223
MinimumVisualStudioVersion = 10.0.40219.1
Project("{FAE04EC0-301F-11D3-BF4B-00C04F79EFBC}") = "colchester.gov.ukBot", "colchester.gov.ukBot\colchester.gov.ukBot.csproj", "{D592567D-8C59-4B9F-9C47-64E38C1FAEDA}"
EndProject
Global
	GlobalSection(SolutionConfigurationPlatforms) = preSolution
		Debug|Any CPU = Debug|Any CPU
		Release|Any CPU = Release|Any CPU
	EndGlobalSection
	GlobalSection(ProjectConfigurationPlatforms) = postSolution
		{D592567D-8C59-4B9F-9C47-64E38C1FAEDA}.Debug|Any CPU.ActiveCfg = Debug|Any CPU
		{D592567D-8C59-4B9F-9C47-64E38C1FAEDA}.Debug|Any CPU.Build.0 = Debug|Any CPU
		{D592567D-8C59-4B9F-9C47-64E38C1FAEDA}.Release|Any CPU.ActiveCfg = Release|Any CPU
		{D592567D-8C59-4B9F-9C47-64E38C1FAEDA}.Release|Any CPU.Build.0 = Release|Any CPU
	EndGlobalSection
	GlobalSection(SolutionProperties) = preSolution
		HideSolutionNode = FALSE
	EndGlobalSection
	GlobalSection(ExtensibilityGlobals) = postSolution
		SolutionGuid = {C533C771-752C-4669-81D8-BA609896E98F}
	EndGlobalSection
EndGlobal
